// !$*UTF8*$!
{
	archiveVersion = 1;
	classes = {
	};
	objectVersion = 56;
	objects = {

/* Begin PBXBuildFile section */
		F4019AB32AB222180000831D /* FeedViewModel.swift in Sources */ = {isa = PBXBuildFile; fileRef = F4019AB22AB222180000831D /* FeedViewModel.swift */; };
		F4019AC62AB840E70000831D /* Factory.swift in Sources */ = {isa = PBXBuildFile; fileRef = F4019AC52AB840E70000831D /* Factory.swift */; };
		F4019AC92AB841130000831D /* TabBarController.swift in Sources */ = {isa = PBXBuildFile; fileRef = F4019AC82AB841130000831D /* TabBarController.swift */; };
		F4019ACC2AB843F60000831D /* MainCoordinator.swift in Sources */ = {isa = PBXBuildFile; fileRef = F4019ACB2AB843F60000831D /* MainCoordinator.swift */; };
		F4019ACF2AB844730000831D /* ProfileCoordinator.swift in Sources */ = {isa = PBXBuildFile; fileRef = F4019ACE2AB844730000831D /* ProfileCoordinator.swift */; };
		F4019AD12AB8448E0000831D /* FeedCoordinator.swift in Sources */ = {isa = PBXBuildFile; fileRef = F4019AD02AB8448E0000831D /* FeedCoordinator.swift */; };
		F43655F12A772A84001CC33C /* SnapKit in Frameworks */ = {isa = PBXBuildFile; productRef = F43655F02A772A84001CC33C /* SnapKit */; };
		F43951E72AE578010058B811 /* GoogleService-Info.plist in Resources */ = {isa = PBXBuildFile; fileRef = F43951E62AE578010058B811 /* GoogleService-Info.plist */; };
		F43951E92AE592C30058B811 /* CreateAccountViewController.swift in Sources */ = {isa = PBXBuildFile; fileRef = F43951E82AE592C30058B811 /* CreateAccountViewController.swift */; };
		F43951EC2AE664B60058B811 /* FirebaseAuth in Frameworks */ = {isa = PBXBuildFile; productRef = F43951EB2AE664B60058B811 /* FirebaseAuth */; };
		F43951EE2AE664B60058B811 /* FirebaseFirestore in Frameworks */ = {isa = PBXBuildFile; productRef = F43951ED2AE664B60058B811 /* FirebaseFirestore */; };
		F43951F02AE664B60058B811 /* FirebaseFirestoreSwift in Frameworks */ = {isa = PBXBuildFile; productRef = F43951EF2AE664B60058B811 /* FirebaseFirestoreSwift */; };
		F43951F42AE66D480058B811 /* CheckerService.swift in Sources */ = {isa = PBXBuildFile; fileRef = F43951F32AE66D480058B811 /* CheckerService.swift */; };
		F45225042ABF358B00A5ACBC /* BruteForce.swift in Sources */ = {isa = PBXBuildFile; fileRef = F45225032ABF358B00A5ACBC /* BruteForce.swift */; };
		F4738D172A7B8EB8003E2311 /* UserServices.swift in Sources */ = {isa = PBXBuildFile; fileRef = F4738D162A7B8EB8003E2311 /* UserServices.swift */; };
		F4738D192A7BA246003E2311 /* User.swift in Sources */ = {isa = PBXBuildFile; fileRef = F4738D182A7BA246003E2311 /* User.swift */; };
		F4738DB72A8388DA003E2311 /* Checker.swift in Sources */ = {isa = PBXBuildFile; fileRef = F4738DB62A8388DA003E2311 /* Checker.swift */; };
		F4738DBF2A839854003E2311 /* Login.swift in Sources */ = {isa = PBXBuildFile; fileRef = F4738DBE2A839854003E2311 /* Login.swift */; };
		F49E6B6E2AA4DDD900981E47 /* CustomButton.swift in Sources */ = {isa = PBXBuildFile; fileRef = F49E6B6D2AA4DDD900981E47 /* CustomButton.swift */; };
		F49E6B702AA4E8FF00981E47 /* FeedModel.swift in Sources */ = {isa = PBXBuildFile; fileRef = F49E6B6F2AA4E8FF00981E47 /* FeedModel.swift */; };
		F4B31B472A27D29E00AEAF59 /* AppDelegate.swift in Sources */ = {isa = PBXBuildFile; fileRef = F4B31B462A27D29E00AEAF59 /* AppDelegate.swift */; };
		F4B31B492A27D29E00AEAF59 /* SceneDelegate.swift in Sources */ = {isa = PBXBuildFile; fileRef = F4B31B482A27D29E00AEAF59 /* SceneDelegate.swift */; };
		F4B31B502A27D29F00AEAF59 /* Assets.xcassets in Resources */ = {isa = PBXBuildFile; fileRef = F4B31B4F2A27D29F00AEAF59 /* Assets.xcassets */; };
		F4B31B532A27D29F00AEAF59 /* LaunchScreen.storyboard in Resources */ = {isa = PBXBuildFile; fileRef = F4B31B512A27D29F00AEAF59 /* LaunchScreen.storyboard */; };
		F4BAD41C2A32FF3F006D3C90 /* ProfileHeaderView.swift in Sources */ = {isa = PBXBuildFile; fileRef = F4BAD41B2A32FF3F006D3C90 /* ProfileHeaderView.swift */; };
		F4C12C802A28EE750008B003 /* FeedViewController.swift in Sources */ = {isa = PBXBuildFile; fileRef = F4C12C7F2A28EE750008B003 /* FeedViewController.swift */; };
		F4C12C822A28EE850008B003 /* InfoViewController.swift in Sources */ = {isa = PBXBuildFile; fileRef = F4C12C812A28EE850008B003 /* InfoViewController.swift */; };
		F4C12C842A28EE950008B003 /* PostViewController.swift in Sources */ = {isa = PBXBuildFile; fileRef = F4C12C832A28EE950008B003 /* PostViewController.swift */; };
		F4C12C862A28EEA90008B003 /* ProfileViewController.swift in Sources */ = {isa = PBXBuildFile; fileRef = F4C12C852A28EEA90008B003 /* ProfileViewController.swift */; };
		F4C6D4272A8D110100AA49D4 /* iOSIntPackage in Frameworks */ = {isa = PBXBuildFile; productRef = F4C6D4262A8D110100AA49D4 /* iOSIntPackage */; };
		F4F209572AD5B77E00D86400 /* NetworkService.swift in Sources */ = {isa = PBXBuildFile; fileRef = F4F209562AD5B77E00D86400 /* NetworkService.swift */; };
		F4F66DF72A728DF200127162 /* StorageService.docc in Sources */ = {isa = PBXBuildFile; fileRef = F4F66DF62A728DF200127162 /* StorageService.docc */; };
		F4F66DFD2A728DF200127162 /* StorageService.framework in Frameworks */ = {isa = PBXBuildFile; fileRef = F4F66DF32A728DF200127162 /* StorageService.framework */; };
		F4F66E042A728DF200127162 /* StorageServiceTests.swift in Sources */ = {isa = PBXBuildFile; fileRef = F4F66E032A728DF200127162 /* StorageServiceTests.swift */; };
		F4F66E052A728DF200127162 /* StorageService.h in Headers */ = {isa = PBXBuildFile; fileRef = F4F66DF52A728DF200127162 /* StorageService.h */; settings = {ATTRIBUTES = (Public, ); }; };
		F4F66E082A728DF200127162 /* StorageService.framework in Frameworks */ = {isa = PBXBuildFile; fileRef = F4F66DF32A728DF200127162 /* StorageService.framework */; };
		F4F66E092A728DF200127162 /* StorageService.framework in Embed Frameworks */ = {isa = PBXBuildFile; fileRef = F4F66DF32A728DF200127162 /* StorageService.framework */; settings = {ATTRIBUTES = (CodeSignOnCopy, RemoveHeadersOnCopy, ); }; };
		F4F66E112A728E0300127162 /* Post.swift in Sources */ = {isa = PBXBuildFile; fileRef = F4B31B9A2A288FE400AEAF59 /* Post.swift */; };
		F4F795672ADC092600A9CFA1 /* PersonService.swift in Sources */ = {isa = PBXBuildFile; fileRef = F4F795662ADC092600A9CFA1 /* PersonService.swift */; };
		F4F795692ADC093A00A9CFA1 /* PlanetService.swift in Sources */ = {isa = PBXBuildFile; fileRef = F4F795682ADC093A00A9CFA1 /* PlanetService.swift */; };
		F4F7956B2ADC23C400A9CFA1 /* ResidentService.swift in Sources */ = {isa = PBXBuildFile; fileRef = F4F7956A2ADC23C400A9CFA1 /* ResidentService.swift */; };
		F4FD29332A39F8E900C4A766 /* LoginViewController.swift in Sources */ = {isa = PBXBuildFile; fileRef = F4FD29322A39F8E900C4A766 /* LoginViewController.swift */; };
		F4FD29592A3B2AC600C4A766 /* PostTableViewCell.swift in Sources */ = {isa = PBXBuildFile; fileRef = F4FD29582A3B2AC600C4A766 /* PostTableViewCell.swift */; };
		F4FD2A662A42FC7E00C4A766 /* PhotosTableViewCell.swift in Sources */ = {isa = PBXBuildFile; fileRef = F4FD2A652A42FC7E00C4A766 /* PhotosTableViewCell.swift */; };
		F4FD2A682A42FD3F00C4A766 /* Photo.swift in Sources */ = {isa = PBXBuildFile; fileRef = F4FD2A672A42FD3F00C4A766 /* Photo.swift */; };
		F4FD2A6A2A4317C300C4A766 /* PhotosViewController.swift in Sources */ = {isa = PBXBuildFile; fileRef = F4FD2A692A4317C300C4A766 /* PhotosViewController.swift */; };
		F4FD2A6C2A43208300C4A766 /* PhotosCollectionViewCell.swift in Sources */ = {isa = PBXBuildFile; fileRef = F4FD2A6B2A43208300C4A766 /* PhotosCollectionViewCell.swift */; };
		F4FE6FFA2AC5817F0047CE36 /* PhotoDetailViewController.swift in Sources */ = {isa = PBXBuildFile; fileRef = F4FE6FF92AC5817F0047CE36 /* PhotoDetailViewController.swift */; };
/* End PBXBuildFile section */

/* Begin PBXContainerItemProxy section */
		F4F66DFE2A728DF200127162 /* PBXContainerItemProxy */ = {
			isa = PBXContainerItemProxy;
			containerPortal = F4B31B3B2A27D29E00AEAF59 /* Project object */;
			proxyType = 1;
			remoteGlobalIDString = F4F66DF22A728DF200127162;
			remoteInfo = StorageService;
		};
		F4F66E002A728DF200127162 /* PBXContainerItemProxy */ = {
			isa = PBXContainerItemProxy;
			containerPortal = F4B31B3B2A27D29E00AEAF59 /* Project object */;
			proxyType = 1;
			remoteGlobalIDString = F4B31B422A27D29E00AEAF59;
			remoteInfo = Navigation;
		};
		F4F66E062A728DF200127162 /* PBXContainerItemProxy */ = {
			isa = PBXContainerItemProxy;
			containerPortal = F4B31B3B2A27D29E00AEAF59 /* Project object */;
			proxyType = 1;
			remoteGlobalIDString = F4F66DF22A728DF200127162;
			remoteInfo = StorageService;
		};
/* End PBXContainerItemProxy section */

/* Begin PBXCopyFilesBuildPhase section */
		F4F66E0A2A728DF200127162 /* Embed Frameworks */ = {
			isa = PBXCopyFilesBuildPhase;
			buildActionMask = 2147483647;
			dstPath = "";
			dstSubfolderSpec = 10;
			files = (
				F4F66E092A728DF200127162 /* StorageService.framework in Embed Frameworks */,
			);
			name = "Embed Frameworks";
			runOnlyForDeploymentPostprocessing = 0;
		};
/* End PBXCopyFilesBuildPhase section */

/* Begin PBXFileReference section */
		F4019AB22AB222180000831D /* FeedViewModel.swift */ = {isa = PBXFileReference; lastKnownFileType = sourcecode.swift; path = FeedViewModel.swift; sourceTree = "<group>"; };
		F4019AC52AB840E70000831D /* Factory.swift */ = {isa = PBXFileReference; lastKnownFileType = sourcecode.swift; path = Factory.swift; sourceTree = "<group>"; };
		F4019AC82AB841130000831D /* TabBarController.swift */ = {isa = PBXFileReference; lastKnownFileType = sourcecode.swift; path = TabBarController.swift; sourceTree = "<group>"; };
		F4019ACB2AB843F60000831D /* MainCoordinator.swift */ = {isa = PBXFileReference; lastKnownFileType = sourcecode.swift; path = MainCoordinator.swift; sourceTree = "<group>"; };
		F4019ACE2AB844730000831D /* ProfileCoordinator.swift */ = {isa = PBXFileReference; lastKnownFileType = sourcecode.swift; path = ProfileCoordinator.swift; sourceTree = "<group>"; };
		F4019AD02AB8448E0000831D /* FeedCoordinator.swift */ = {isa = PBXFileReference; lastKnownFileType = sourcecode.swift; path = FeedCoordinator.swift; sourceTree = "<group>"; };
		F43951E62AE578010058B811 /* GoogleService-Info.plist */ = {isa = PBXFileReference; fileEncoding = 4; lastKnownFileType = text.plist.xml; path = "GoogleService-Info.plist"; sourceTree = "<group>"; };
		F43951E82AE592C30058B811 /* CreateAccountViewController.swift */ = {isa = PBXFileReference; lastKnownFileType = sourcecode.swift; path = CreateAccountViewController.swift; sourceTree = "<group>"; };
		F43951F32AE66D480058B811 /* CheckerService.swift */ = {isa = PBXFileReference; lastKnownFileType = sourcecode.swift; path = CheckerService.swift; sourceTree = "<group>"; };
		F45225032ABF358B00A5ACBC /* BruteForce.swift */ = {isa = PBXFileReference; lastKnownFileType = sourcecode.swift; path = BruteForce.swift; sourceTree = "<group>"; };
		F4738D162A7B8EB8003E2311 /* UserServices.swift */ = {isa = PBXFileReference; lastKnownFileType = sourcecode.swift; path = UserServices.swift; sourceTree = "<group>"; };
		F4738D182A7BA246003E2311 /* User.swift */ = {isa = PBXFileReference; lastKnownFileType = sourcecode.swift; path = User.swift; sourceTree = "<group>"; };
		F4738DB62A8388DA003E2311 /* Checker.swift */ = {isa = PBXFileReference; lastKnownFileType = sourcecode.swift; path = Checker.swift; sourceTree = "<group>"; };
		F4738DBE2A839854003E2311 /* Login.swift */ = {isa = PBXFileReference; lastKnownFileType = sourcecode.swift; path = Login.swift; sourceTree = "<group>"; };
		F49E6B6D2AA4DDD900981E47 /* CustomButton.swift */ = {isa = PBXFileReference; lastKnownFileType = sourcecode.swift; path = CustomButton.swift; sourceTree = "<group>"; };
		F49E6B6F2AA4E8FF00981E47 /* FeedModel.swift */ = {isa = PBXFileReference; lastKnownFileType = sourcecode.swift; path = FeedModel.swift; sourceTree = "<group>"; };
		F4B31B432A27D29E00AEAF59 /* Navigation.app */ = {isa = PBXFileReference; explicitFileType = wrapper.application; includeInIndex = 0; path = Navigation.app; sourceTree = BUILT_PRODUCTS_DIR; };
		F4B31B462A27D29E00AEAF59 /* AppDelegate.swift */ = {isa = PBXFileReference; lastKnownFileType = sourcecode.swift; path = AppDelegate.swift; sourceTree = "<group>"; };
		F4B31B482A27D29E00AEAF59 /* SceneDelegate.swift */ = {isa = PBXFileReference; lastKnownFileType = sourcecode.swift; path = SceneDelegate.swift; sourceTree = "<group>"; };
		F4B31B4F2A27D29F00AEAF59 /* Assets.xcassets */ = {isa = PBXFileReference; lastKnownFileType = folder.assetcatalog; path = Assets.xcassets; sourceTree = "<group>"; };
		F4B31B522A27D29F00AEAF59 /* Base */ = {isa = PBXFileReference; lastKnownFileType = file.storyboard; name = Base; path = Base.lproj/LaunchScreen.storyboard; sourceTree = "<group>"; };
		F4B31B542A27D29F00AEAF59 /* Info.plist */ = {isa = PBXFileReference; lastKnownFileType = text.plist.xml; path = Info.plist; sourceTree = "<group>"; };
		F4B31B9A2A288FE400AEAF59 /* Post.swift */ = {isa = PBXFileReference; lastKnownFileType = sourcecode.swift; path = Post.swift; sourceTree = "<group>"; };
		F4BAD41B2A32FF3F006D3C90 /* ProfileHeaderView.swift */ = {isa = PBXFileReference; lastKnownFileType = sourcecode.swift; path = ProfileHeaderView.swift; sourceTree = "<group>"; };
		F4C12C7F2A28EE750008B003 /* FeedViewController.swift */ = {isa = PBXFileReference; lastKnownFileType = sourcecode.swift; path = FeedViewController.swift; sourceTree = "<group>"; };
		F4C12C812A28EE850008B003 /* InfoViewController.swift */ = {isa = PBXFileReference; lastKnownFileType = sourcecode.swift; path = InfoViewController.swift; sourceTree = "<group>"; };
		F4C12C832A28EE950008B003 /* PostViewController.swift */ = {isa = PBXFileReference; lastKnownFileType = sourcecode.swift; path = PostViewController.swift; sourceTree = "<group>"; };
		F4C12C852A28EEA90008B003 /* ProfileViewController.swift */ = {isa = PBXFileReference; lastKnownFileType = sourcecode.swift; path = ProfileViewController.swift; sourceTree = "<group>"; };
		F4F209562AD5B77E00D86400 /* NetworkService.swift */ = {isa = PBXFileReference; lastKnownFileType = sourcecode.swift; path = NetworkService.swift; sourceTree = "<group>"; };
		F4F66DF32A728DF200127162 /* StorageService.framework */ = {isa = PBXFileReference; explicitFileType = wrapper.framework; includeInIndex = 0; path = StorageService.framework; sourceTree = BUILT_PRODUCTS_DIR; };
		F4F66DF52A728DF200127162 /* StorageService.h */ = {isa = PBXFileReference; lastKnownFileType = sourcecode.c.h; path = StorageService.h; sourceTree = "<group>"; };
		F4F66DF62A728DF200127162 /* StorageService.docc */ = {isa = PBXFileReference; lastKnownFileType = folder.documentationcatalog; path = StorageService.docc; sourceTree = "<group>"; };
		F4F66DFC2A728DF200127162 /* StorageServiceTests.xctest */ = {isa = PBXFileReference; explicitFileType = wrapper.cfbundle; includeInIndex = 0; path = StorageServiceTests.xctest; sourceTree = BUILT_PRODUCTS_DIR; };
		F4F66E032A728DF200127162 /* StorageServiceTests.swift */ = {isa = PBXFileReference; lastKnownFileType = sourcecode.swift; path = StorageServiceTests.swift; sourceTree = "<group>"; };
		F4F795662ADC092600A9CFA1 /* PersonService.swift */ = {isa = PBXFileReference; lastKnownFileType = sourcecode.swift; path = PersonService.swift; sourceTree = "<group>"; };
		F4F795682ADC093A00A9CFA1 /* PlanetService.swift */ = {isa = PBXFileReference; lastKnownFileType = sourcecode.swift; path = PlanetService.swift; sourceTree = "<group>"; };
		F4F7956A2ADC23C400A9CFA1 /* ResidentService.swift */ = {isa = PBXFileReference; lastKnownFileType = sourcecode.swift; path = ResidentService.swift; sourceTree = "<group>"; };
		F4FD29322A39F8E900C4A766 /* LoginViewController.swift */ = {isa = PBXFileReference; lastKnownFileType = sourcecode.swift; path = LoginViewController.swift; sourceTree = "<group>"; };
		F4FD29582A3B2AC600C4A766 /* PostTableViewCell.swift */ = {isa = PBXFileReference; lastKnownFileType = sourcecode.swift; path = PostTableViewCell.swift; sourceTree = "<group>"; };
		F4FD2A652A42FC7E00C4A766 /* PhotosTableViewCell.swift */ = {isa = PBXFileReference; lastKnownFileType = sourcecode.swift; path = PhotosTableViewCell.swift; sourceTree = "<group>"; };
		F4FD2A672A42FD3F00C4A766 /* Photo.swift */ = {isa = PBXFileReference; lastKnownFileType = sourcecode.swift; path = Photo.swift; sourceTree = "<group>"; };
		F4FD2A692A4317C300C4A766 /* PhotosViewController.swift */ = {isa = PBXFileReference; lastKnownFileType = sourcecode.swift; path = PhotosViewController.swift; sourceTree = "<group>"; };
		F4FD2A6B2A43208300C4A766 /* PhotosCollectionViewCell.swift */ = {isa = PBXFileReference; lastKnownFileType = sourcecode.swift; path = PhotosCollectionViewCell.swift; sourceTree = "<group>"; };
		F4FE6FF92AC5817F0047CE36 /* PhotoDetailViewController.swift */ = {isa = PBXFileReference; lastKnownFileType = sourcecode.swift; path = PhotoDetailViewController.swift; sourceTree = "<group>"; };
/* End PBXFileReference section */

/* Begin PBXFrameworksBuildPhase section */
		F4B31B402A27D29E00AEAF59 /* Frameworks */ = {
			isa = PBXFrameworksBuildPhase;
			buildActionMask = 2147483647;
			files = (
				F4C6D4272A8D110100AA49D4 /* iOSIntPackage in Frameworks */,
				F43655F12A772A84001CC33C /* SnapKit in Frameworks */,
				F4F66E082A728DF200127162 /* StorageService.framework in Frameworks */,
				F43951EE2AE664B60058B811 /* FirebaseFirestore in Frameworks */,
				F43951EC2AE664B60058B811 /* FirebaseAuth in Frameworks */,
				F43951F02AE664B60058B811 /* FirebaseFirestoreSwift in Frameworks */,
			);
			runOnlyForDeploymentPostprocessing = 0;
		};
		F4F66DF02A728DF200127162 /* Frameworks */ = {
			isa = PBXFrameworksBuildPhase;
			buildActionMask = 2147483647;
			files = (
			);
			runOnlyForDeploymentPostprocessing = 0;
		};
		F4F66DF92A728DF200127162 /* Frameworks */ = {
			isa = PBXFrameworksBuildPhase;
			buildActionMask = 2147483647;
			files = (
				F4F66DFD2A728DF200127162 /* StorageService.framework in Frameworks */,
			);
			runOnlyForDeploymentPostprocessing = 0;
		};
/* End PBXFrameworksBuildPhase section */

/* Begin PBXGroup section */
		F4019AC42AB840D90000831D /* Factory */ = {
			isa = PBXGroup;
			children = (
				F4019AC52AB840E70000831D /* Factory.swift */,
			);
			path = Factory;
			sourceTree = "<group>";
		};
		F4019AC72AB840F80000831D /* TabBarController */ = {
			isa = PBXGroup;
			children = (
				F4019AC82AB841130000831D /* TabBarController.swift */,
			);
			path = TabBarController;
			sourceTree = "<group>";
		};
		F4019ACA2AB843E50000831D /* MainCoordinator */ = {
			isa = PBXGroup;
			children = (
				F4019ACB2AB843F60000831D /* MainCoordinator.swift */,
			);
			path = MainCoordinator;
			sourceTree = "<group>";
		};
		F4019ACD2AB8444E0000831D /* Coordinator */ = {
			isa = PBXGroup;
			children = (
				F4019ACE2AB844730000831D /* ProfileCoordinator.swift */,
				F4019AD02AB8448E0000831D /* FeedCoordinator.swift */,
			);
			path = Coordinator;
			sourceTree = "<group>";
		};
		F45225022ABF357200A5ACBC /* BruteForce */ = {
			isa = PBXGroup;
			children = (
				F45225032ABF358B00A5ACBC /* BruteForce.swift */,
			);
			path = BruteForce;
			sourceTree = "<group>";
		};
		F4738DB82A838E75003E2311 /* App */ = {
			isa = PBXGroup;
			children = (
				F4B31B462A27D29E00AEAF59 /* AppDelegate.swift */,
				F4B31B482A27D29E00AEAF59 /* SceneDelegate.swift */,
			);
			path = App;
			sourceTree = "<group>";
		};
		F4738DB92A8395B7003E2311 /* Models */ = {
			isa = PBXGroup;
			children = (
				F4FD2A672A42FD3F00C4A766 /* Photo.swift */,
				F4738D182A7BA246003E2311 /* User.swift */,
				F4738D162A7B8EB8003E2311 /* UserServices.swift */,
				F4738DB62A8388DA003E2311 /* Checker.swift */,
				F4738DBE2A839854003E2311 /* Login.swift */,
				F49E6B6F2AA4E8FF00981E47 /* FeedModel.swift */,
			);
			path = Models;
			sourceTree = "<group>";
		};
		F4738DBA2A839693003E2311 /* Resources */ = {
			isa = PBXGroup;
			children = (
				F4B31B4F2A27D29F00AEAF59 /* Assets.xcassets */,
				F4B31B512A27D29F00AEAF59 /* LaunchScreen.storyboard */,
				F4B31B542A27D29F00AEAF59 /* Info.plist */,
				F43951E62AE578010058B811 /* GoogleService-Info.plist */,
			);
			path = Resources;
			sourceTree = "<group>";
		};
		F4738DBB2A8396F0003E2311 /* Feed */ = {
			isa = PBXGroup;
			children = (
				F4C12C7F2A28EE750008B003 /* FeedViewController.swift */,
				F4019AB22AB222180000831D /* FeedViewModel.swift */,
			);
			path = Feed;
			sourceTree = "<group>";
		};
		F4738DBC2A8396FB003E2311 /* Info */ = {
			isa = PBXGroup;
			children = (
				F4C12C812A28EE850008B003 /* InfoViewController.swift */,
			);
			path = Info;
			sourceTree = "<group>";
		};
		F4738DBD2A839709003E2311 /* Post */ = {
			isa = PBXGroup;
			children = (
				F4C12C832A28EE950008B003 /* PostViewController.swift */,
			);
			path = Post;
			sourceTree = "<group>";
		};
		F49E6B6C2AA4DD9E00981E47 /* Elements */ = {
			isa = PBXGroup;
			children = (
				F49E6B6D2AA4DDD900981E47 /* CustomButton.swift */,
			);
			path = Elements;
			sourceTree = "<group>";
		};
		F4B31B3A2A27D29E00AEAF59 = {
			isa = PBXGroup;
			children = (
				F4B31B452A27D29E00AEAF59 /* Navigation */,
				F4F66DF42A728DF200127162 /* StorageService */,
				F4F66E022A728DF200127162 /* StorageServiceTests */,
				F4B31B442A27D29E00AEAF59 /* Products */,
			);
			sourceTree = "<group>";
		};
		F4B31B442A27D29E00AEAF59 /* Products */ = {
			isa = PBXGroup;
			children = (
				F4B31B432A27D29E00AEAF59 /* Navigation.app */,
				F4F66DF32A728DF200127162 /* StorageService.framework */,
				F4F66DFC2A728DF200127162 /* StorageServiceTests.xctest */,
			);
			name = Products;
			sourceTree = "<group>";
		};
		F4B31B452A27D29E00AEAF59 /* Navigation */ = {
			isa = PBXGroup;
			children = (
				F4738DB82A838E75003E2311 /* App */,
				F4F209552AD5B75000D86400 /* Networking */,
				F4019AC42AB840D90000831D /* Factory */,
				F4019AC72AB840F80000831D /* TabBarController */,
				F4019ACA2AB843E50000831D /* MainCoordinator */,
				F4019ACD2AB8444E0000831D /* Coordinator */,
				F4BAD4182A32FD8B006D3C90 /* Profile */,
				F4738DB92A8395B7003E2311 /* Models */,
				F45225022ABF357200A5ACBC /* BruteForce */,
				F4FD2A6D2A432C2900C4A766 /* Photo */,
				F4738DBB2A8396F0003E2311 /* Feed */,
				F4738DBC2A8396FB003E2311 /* Info */,
				F4738DBD2A839709003E2311 /* Post */,
				F49E6B6C2AA4DD9E00981E47 /* Elements */,
				F4738DBA2A839693003E2311 /* Resources */,
			);
			path = Navigation;
			sourceTree = "<group>";
		};
		F4BAD4182A32FD8B006D3C90 /* Profile */ = {
			isa = PBXGroup;
			children = (
				F4C12C852A28EEA90008B003 /* ProfileViewController.swift */,
				F4BAD41B2A32FF3F006D3C90 /* ProfileHeaderView.swift */,
				F4FD29582A3B2AC600C4A766 /* PostTableViewCell.swift */,
				F4FD29322A39F8E900C4A766 /* LoginViewController.swift */,
				F43951E82AE592C30058B811 /* CreateAccountViewController.swift */,
			);
			path = Profile;
			sourceTree = "<group>";
		};
		F4F209552AD5B75000D86400 /* Networking */ = {
			isa = PBXGroup;
			children = (
				F4F209562AD5B77E00D86400 /* NetworkService.swift */,
				F4F795662ADC092600A9CFA1 /* PersonService.swift */,
				F4F795682ADC093A00A9CFA1 /* PlanetService.swift */,
				F4F7956A2ADC23C400A9CFA1 /* ResidentService.swift */,
				F43951F32AE66D480058B811 /* CheckerService.swift */,
			);
			path = Networking;
			sourceTree = "<group>";
		};
		F4F66DF42A728DF200127162 /* StorageService */ = {
			isa = PBXGroup;
			children = (
				F4B31B9A2A288FE400AEAF59 /* Post.swift */,
				F4F66DF52A728DF200127162 /* StorageService.h */,
				F4F66DF62A728DF200127162 /* StorageService.docc */,
			);
			path = StorageService;
			sourceTree = "<group>";
		};
		F4F66E022A728DF200127162 /* StorageServiceTests */ = {
			isa = PBXGroup;
			children = (
				F4F66E032A728DF200127162 /* StorageServiceTests.swift */,
			);
			path = StorageServiceTests;
			sourceTree = "<group>";
		};
		F4FD2A6D2A432C2900C4A766 /* Photo */ = {
			isa = PBXGroup;
			children = (
				F4FD2A692A4317C300C4A766 /* PhotosViewController.swift */,
				F4FD2A652A42FC7E00C4A766 /* PhotosTableViewCell.swift */,
				F4FD2A6B2A43208300C4A766 /* PhotosCollectionViewCell.swift */,
				F4FE6FF92AC5817F0047CE36 /* PhotoDetailViewController.swift */,
			);
			path = Photo;
			sourceTree = "<group>";
		};
/* End PBXGroup section */

/* Begin PBXHeadersBuildPhase section */
		F4F66DEE2A728DF200127162 /* Headers */ = {
			isa = PBXHeadersBuildPhase;
			buildActionMask = 2147483647;
			files = (
				F4F66E052A728DF200127162 /* StorageService.h in Headers */,
			);
			runOnlyForDeploymentPostprocessing = 0;
		};
/* End PBXHeadersBuildPhase section */

/* Begin PBXNativeTarget section */
		F4B31B422A27D29E00AEAF59 /* Navigation */ = {
			isa = PBXNativeTarget;
			buildConfigurationList = F4B31B572A27D29F00AEAF59 /* Build configuration list for PBXNativeTarget "Navigation" */;
			buildPhases = (
				F4B31B3F2A27D29E00AEAF59 /* Sources */,
				F4B31B402A27D29E00AEAF59 /* Frameworks */,
				F4B31B412A27D29E00AEAF59 /* Resources */,
				F4F66E0A2A728DF200127162 /* Embed Frameworks */,
			);
			buildRules = (
			);
			dependencies = (
				F4F66E072A728DF200127162 /* PBXTargetDependency */,
			);
			name = Navigation;
			packageProductDependencies = (
				F43655F02A772A84001CC33C /* SnapKit */,
				F4C6D4262A8D110100AA49D4 /* iOSIntPackage */,
				F43951EB2AE664B60058B811 /* FirebaseAuth */,
				F43951ED2AE664B60058B811 /* FirebaseFirestore */,
				F43951EF2AE664B60058B811 /* FirebaseFirestoreSwift */,
			);
			productName = Navigation;
			productReference = F4B31B432A27D29E00AEAF59 /* Navigation.app */;
			productType = "com.apple.product-type.application";
		};
		F4F66DF22A728DF200127162 /* StorageService */ = {
			isa = PBXNativeTarget;
			buildConfigurationList = F4F66E0F2A728DF200127162 /* Build configuration list for PBXNativeTarget "StorageService" */;
			buildPhases = (
				F4F66DEE2A728DF200127162 /* Headers */,
				F4F66DEF2A728DF200127162 /* Sources */,
				F4F66DF02A728DF200127162 /* Frameworks */,
				F4F66DF12A728DF200127162 /* Resources */,
			);
			buildRules = (
			);
			dependencies = (
			);
			name = StorageService;
			productName = StorageService;
			productReference = F4F66DF32A728DF200127162 /* StorageService.framework */;
			productType = "com.apple.product-type.framework";
		};
		F4F66DFB2A728DF200127162 /* StorageServiceTests */ = {
			isa = PBXNativeTarget;
			buildConfigurationList = F4F66E102A728DF200127162 /* Build configuration list for PBXNativeTarget "StorageServiceTests" */;
			buildPhases = (
				F4F66DF82A728DF200127162 /* Sources */,
				F4F66DF92A728DF200127162 /* Frameworks */,
				F4F66DFA2A728DF200127162 /* Resources */,
			);
			buildRules = (
			);
			dependencies = (
				F4F66DFF2A728DF200127162 /* PBXTargetDependency */,
				F4F66E012A728DF200127162 /* PBXTargetDependency */,
			);
			name = StorageServiceTests;
			productName = StorageServiceTests;
			productReference = F4F66DFC2A728DF200127162 /* StorageServiceTests.xctest */;
			productType = "com.apple.product-type.bundle.unit-test";
		};
/* End PBXNativeTarget section */

/* Begin PBXProject section */
		F4B31B3B2A27D29E00AEAF59 /* Project object */ = {
			isa = PBXProject;
			attributes = {
				BuildIndependentTargetsInParallel = 1;
				LastSwiftUpdateCheck = 1430;
				LastUpgradeCheck = 1500;
				TargetAttributes = {
					F4B31B422A27D29E00AEAF59 = {
						CreatedOnToolsVersion = 14.3;
					};
					F4F66DF22A728DF200127162 = {
						CreatedOnToolsVersion = 14.3.1;
					};
					F4F66DFB2A728DF200127162 = {
						CreatedOnToolsVersion = 14.3.1;
						TestTargetID = F4B31B422A27D29E00AEAF59;
					};
				};
			};
			buildConfigurationList = F4B31B3E2A27D29E00AEAF59 /* Build configuration list for PBXProject "Navigation" */;
			compatibilityVersion = "Xcode 14.0";
			developmentRegion = en;
			hasScannedForEncodings = 0;
			knownRegions = (
				en,
				Base,
			);
			mainGroup = F4B31B3A2A27D29E00AEAF59;
			packageReferences = (
				F43655EF2A772A84001CC33C /* XCRemoteSwiftPackageReference "SnapKit" */,
				F4C6D4252A8D110100AA49D4 /* XCRemoteSwiftPackageReference "iOSIntPackage" */,
				F43951EA2AE664B60058B811 /* XCRemoteSwiftPackageReference "firebase-ios-sdk" */,
			);
			productRefGroup = F4B31B442A27D29E00AEAF59 /* Products */;
			projectDirPath = "";
			projectRoot = "";
			targets = (
				F4B31B422A27D29E00AEAF59 /* Navigation */,
				F4F66DF22A728DF200127162 /* StorageService */,
				F4F66DFB2A728DF200127162 /* StorageServiceTests */,
			);
		};
/* End PBXProject section */

/* Begin PBXResourcesBuildPhase section */
		F4B31B412A27D29E00AEAF59 /* Resources */ = {
			isa = PBXResourcesBuildPhase;
			buildActionMask = 2147483647;
			files = (
				F4B31B532A27D29F00AEAF59 /* LaunchScreen.storyboard in Resources */,
				F4B31B502A27D29F00AEAF59 /* Assets.xcassets in Resources */,
				F43951E72AE578010058B811 /* GoogleService-Info.plist in Resources */,
			);
			runOnlyForDeploymentPostprocessing = 0;
		};
		F4F66DF12A728DF200127162 /* Resources */ = {
			isa = PBXResourcesBuildPhase;
			buildActionMask = 2147483647;
			files = (
			);
			runOnlyForDeploymentPostprocessing = 0;
		};
		F4F66DFA2A728DF200127162 /* Resources */ = {
			isa = PBXResourcesBuildPhase;
			buildActionMask = 2147483647;
			files = (
			);
			runOnlyForDeploymentPostprocessing = 0;
		};
/* End PBXResourcesBuildPhase section */

/* Begin PBXSourcesBuildPhase section */
		F4B31B3F2A27D29E00AEAF59 /* Sources */ = {
			isa = PBXSourcesBuildPhase;
			buildActionMask = 2147483647;
			files = (
				F4019AD12AB8448E0000831D /* FeedCoordinator.swift in Sources */,
				F4FD2A662A42FC7E00C4A766 /* PhotosTableViewCell.swift in Sources */,
				F49E6B702AA4E8FF00981E47 /* FeedModel.swift in Sources */,
				F4738DBF2A839854003E2311 /* Login.swift in Sources */,
				F49E6B6E2AA4DDD900981E47 /* CustomButton.swift in Sources */,
				F4FD29592A3B2AC600C4A766 /* PostTableViewCell.swift in Sources */,
				F4F209572AD5B77E00D86400 /* NetworkService.swift in Sources */,
				F4B31B472A27D29E00AEAF59 /* AppDelegate.swift in Sources */,
				F4738D192A7BA246003E2311 /* User.swift in Sources */,
				F4F795692ADC093A00A9CFA1 /* PlanetService.swift in Sources */,
				F4F795672ADC092600A9CFA1 /* PersonService.swift in Sources */,
				F4C12C842A28EE950008B003 /* PostViewController.swift in Sources */,
				F4019ACC2AB843F60000831D /* MainCoordinator.swift in Sources */,
				F45225042ABF358B00A5ACBC /* BruteForce.swift in Sources */,
				F4C12C802A28EE750008B003 /* FeedViewController.swift in Sources */,
				F4B31B492A27D29E00AEAF59 /* SceneDelegate.swift in Sources */,
				F4019AB32AB222180000831D /* FeedViewModel.swift in Sources */,
				F4738DB72A8388DA003E2311 /* Checker.swift in Sources */,
				F4F7956B2ADC23C400A9CFA1 /* ResidentService.swift in Sources */,
				F4FD2A682A42FD3F00C4A766 /* Photo.swift in Sources */,
				F43951E92AE592C30058B811 /* CreateAccountViewController.swift in Sources */,
				F4019AC92AB841130000831D /* TabBarController.swift in Sources */,
				F4C12C822A28EE850008B003 /* InfoViewController.swift in Sources */,
				F4019ACF2AB844730000831D /* ProfileCoordinator.swift in Sources */,
				F4C12C862A28EEA90008B003 /* ProfileViewController.swift in Sources */,
				F4FD2A6C2A43208300C4A766 /* PhotosCollectionViewCell.swift in Sources */,
				F4738D172A7B8EB8003E2311 /* UserServices.swift in Sources */,
				F4FD2A6A2A4317C300C4A766 /* PhotosViewController.swift in Sources */,
				F43951F42AE66D480058B811 /* CheckerService.swift in Sources */,
				F4FD29332A39F8E900C4A766 /* LoginViewController.swift in Sources */,
				F4FE6FFA2AC5817F0047CE36 /* PhotoDetailViewController.swift in Sources */,
				F4BAD41C2A32FF3F006D3C90 /* ProfileHeaderView.swift in Sources */,
				F4019AC62AB840E70000831D /* Factory.swift in Sources */,
			);
			runOnlyForDeploymentPostprocessing = 0;
		};
		F4F66DEF2A728DF200127162 /* Sources */ = {
			isa = PBXSourcesBuildPhase;
			buildActionMask = 2147483647;
			files = (
				F4F66DF72A728DF200127162 /* StorageService.docc in Sources */,
				F4F66E112A728E0300127162 /* Post.swift in Sources */,
			);
			runOnlyForDeploymentPostprocessing = 0;
		};
		F4F66DF82A728DF200127162 /* Sources */ = {
			isa = PBXSourcesBuildPhase;
			buildActionMask = 2147483647;
			files = (
				F4F66E042A728DF200127162 /* StorageServiceTests.swift in Sources */,
			);
			runOnlyForDeploymentPostprocessing = 0;
		};
/* End PBXSourcesBuildPhase section */

/* Begin PBXTargetDependency section */
		F4F66DFF2A728DF200127162 /* PBXTargetDependency */ = {
			isa = PBXTargetDependency;
			target = F4F66DF22A728DF200127162 /* StorageService */;
			targetProxy = F4F66DFE2A728DF200127162 /* PBXContainerItemProxy */;
		};
		F4F66E012A728DF200127162 /* PBXTargetDependency */ = {
			isa = PBXTargetDependency;
			target = F4B31B422A27D29E00AEAF59 /* Navigation */;
			targetProxy = F4F66E002A728DF200127162 /* PBXContainerItemProxy */;
		};
		F4F66E072A728DF200127162 /* PBXTargetDependency */ = {
			isa = PBXTargetDependency;
			target = F4F66DF22A728DF200127162 /* StorageService */;
			targetProxy = F4F66E062A728DF200127162 /* PBXContainerItemProxy */;
		};
/* End PBXTargetDependency section */

/* Begin PBXVariantGroup section */
		F4B31B512A27D29F00AEAF59 /* LaunchScreen.storyboard */ = {
			isa = PBXVariantGroup;
			children = (
				F4B31B522A27D29F00AEAF59 /* Base */,
			);
			name = LaunchScreen.storyboard;
			sourceTree = "<group>";
		};
/* End PBXVariantGroup section */

/* Begin XCBuildConfiguration section */
		F4B31B552A27D29F00AEAF59 /* Debug */ = {
			isa = XCBuildConfiguration;
			buildSettings = {
				ALWAYS_SEARCH_USER_PATHS = NO;
				CLANG_ANALYZER_NONNULL = YES;
				CLANG_ANALYZER_NUMBER_OBJECT_CONVERSION = YES_AGGRESSIVE;
				CLANG_CXX_LANGUAGE_STANDARD = "gnu++20";
				CLANG_ENABLE_MODULES = YES;
				CLANG_ENABLE_OBJC_ARC = YES;
				CLANG_ENABLE_OBJC_WEAK = YES;
				CLANG_WARN_BLOCK_CAPTURE_AUTORELEASING = YES;
				CLANG_WARN_BOOL_CONVERSION = YES;
				CLANG_WARN_COMMA = YES;
				CLANG_WARN_CONSTANT_CONVERSION = YES;
				CLANG_WARN_DEPRECATED_OBJC_IMPLEMENTATIONS = YES;
				CLANG_WARN_DIRECT_OBJC_ISA_USAGE = YES_ERROR;
				CLANG_WARN_DOCUMENTATION_COMMENTS = YES;
				CLANG_WARN_EMPTY_BODY = YES;
				CLANG_WARN_ENUM_CONVERSION = YES;
				CLANG_WARN_INFINITE_RECURSION = YES;
				CLANG_WARN_INT_CONVERSION = YES;
				CLANG_WARN_NON_LITERAL_NULL_CONVERSION = YES;
				CLANG_WARN_OBJC_IMPLICIT_RETAIN_SELF = YES;
				CLANG_WARN_OBJC_LITERAL_CONVERSION = YES;
				CLANG_WARN_OBJC_ROOT_CLASS = YES_ERROR;
				CLANG_WARN_QUOTED_INCLUDE_IN_FRAMEWORK_HEADER = YES;
				CLANG_WARN_RANGE_LOOP_ANALYSIS = YES;
				CLANG_WARN_STRICT_PROTOTYPES = YES;
				CLANG_WARN_SUSPICIOUS_MOVE = YES;
				CLANG_WARN_UNGUARDED_AVAILABILITY = YES_AGGRESSIVE;
				CLANG_WARN_UNREACHABLE_CODE = YES;
				CLANG_WARN__DUPLICATE_METHOD_MATCH = YES;
				COPY_PHASE_STRIP = NO;
				DEBUG_INFORMATION_FORMAT = dwarf;
				ENABLE_STRICT_OBJC_MSGSEND = YES;
				ENABLE_TESTABILITY = YES;
				ENABLE_USER_SCRIPT_SANDBOXING = YES;
				GCC_C_LANGUAGE_STANDARD = gnu11;
				GCC_DYNAMIC_NO_PIC = NO;
				GCC_NO_COMMON_BLOCKS = YES;
				GCC_OPTIMIZATION_LEVEL = 0;
				GCC_PREPROCESSOR_DEFINITIONS = (
					"DEBUG=1",
					"$(inherited)",
				);
				GCC_WARN_64_TO_32_BIT_CONVERSION = YES;
				GCC_WARN_ABOUT_RETURN_TYPE = YES_ERROR;
				GCC_WARN_UNDECLARED_SELECTOR = YES;
				GCC_WARN_UNINITIALIZED_AUTOS = YES_AGGRESSIVE;
				GCC_WARN_UNUSED_FUNCTION = YES;
				GCC_WARN_UNUSED_VARIABLE = YES;
				IPHONEOS_DEPLOYMENT_TARGET = 16.4;
				MTL_ENABLE_DEBUG_INFO = INCLUDE_SOURCE;
				MTL_FAST_MATH = YES;
				ONLY_ACTIVE_ARCH = YES;
				SDKROOT = iphoneos;
				SWIFT_ACTIVE_COMPILATION_CONDITIONS = DEBUG;
				SWIFT_OPTIMIZATION_LEVEL = "-Onone";
			};
			name = Debug;
		};
		F4B31B562A27D29F00AEAF59 /* Release */ = {
			isa = XCBuildConfiguration;
			buildSettings = {
				ALWAYS_SEARCH_USER_PATHS = NO;
				CLANG_ANALYZER_NONNULL = YES;
				CLANG_ANALYZER_NUMBER_OBJECT_CONVERSION = YES_AGGRESSIVE;
				CLANG_CXX_LANGUAGE_STANDARD = "gnu++20";
				CLANG_ENABLE_MODULES = YES;
				CLANG_ENABLE_OBJC_ARC = YES;
				CLANG_ENABLE_OBJC_WEAK = YES;
				CLANG_WARN_BLOCK_CAPTURE_AUTORELEASING = YES;
				CLANG_WARN_BOOL_CONVERSION = YES;
				CLANG_WARN_COMMA = YES;
				CLANG_WARN_CONSTANT_CONVERSION = YES;
				CLANG_WARN_DEPRECATED_OBJC_IMPLEMENTATIONS = YES;
				CLANG_WARN_DIRECT_OBJC_ISA_USAGE = YES_ERROR;
				CLANG_WARN_DOCUMENTATION_COMMENTS = YES;
				CLANG_WARN_EMPTY_BODY = YES;
				CLANG_WARN_ENUM_CONVERSION = YES;
				CLANG_WARN_INFINITE_RECURSION = YES;
				CLANG_WARN_INT_CONVERSION = YES;
				CLANG_WARN_NON_LITERAL_NULL_CONVERSION = YES;
				CLANG_WARN_OBJC_IMPLICIT_RETAIN_SELF = YES;
				CLANG_WARN_OBJC_LITERAL_CONVERSION = YES;
				CLANG_WARN_OBJC_ROOT_CLASS = YES_ERROR;
				CLANG_WARN_QUOTED_INCLUDE_IN_FRAMEWORK_HEADER = YES;
				CLANG_WARN_RANGE_LOOP_ANALYSIS = YES;
				CLANG_WARN_STRICT_PROTOTYPES = YES;
				CLANG_WARN_SUSPICIOUS_MOVE = YES;
				CLANG_WARN_UNGUARDED_AVAILABILITY = YES_AGGRESSIVE;
				CLANG_WARN_UNREACHABLE_CODE = YES;
				CLANG_WARN__DUPLICATE_METHOD_MATCH = YES;
				COPY_PHASE_STRIP = NO;
				DEBUG_INFORMATION_FORMAT = "dwarf-with-dsym";
				ENABLE_NS_ASSERTIONS = NO;
				ENABLE_STRICT_OBJC_MSGSEND = YES;
				ENABLE_USER_SCRIPT_SANDBOXING = YES;
				GCC_C_LANGUAGE_STANDARD = gnu11;
				GCC_NO_COMMON_BLOCKS = YES;
				GCC_WARN_64_TO_32_BIT_CONVERSION = YES;
				GCC_WARN_ABOUT_RETURN_TYPE = YES_ERROR;
				GCC_WARN_UNDECLARED_SELECTOR = YES;
				GCC_WARN_UNINITIALIZED_AUTOS = YES_AGGRESSIVE;
				GCC_WARN_UNUSED_FUNCTION = YES;
				GCC_WARN_UNUSED_VARIABLE = YES;
				IPHONEOS_DEPLOYMENT_TARGET = 16.4;
				MTL_ENABLE_DEBUG_INFO = NO;
				MTL_FAST_MATH = YES;
				SDKROOT = iphoneos;
				SWIFT_COMPILATION_MODE = wholemodule;
				SWIFT_OPTIMIZATION_LEVEL = "-O";
				VALIDATE_PRODUCT = YES;
			};
			name = Release;
		};
		F4B31B582A27D29F00AEAF59 /* Debug */ = {
			isa = XCBuildConfiguration;
			buildSettings = {
				ALWAYS_EMBED_SWIFT_STANDARD_LIBRARIES = YES;
				ASSETCATALOG_COMPILER_APPICON_NAME = AppIcon;
				ASSETCATALOG_COMPILER_GLOBAL_ACCENT_COLOR_NAME = AccentColor;
				CODE_SIGN_STYLE = Automatic;
				CURRENT_PROJECT_VERSION = 1;
				DEVELOPMENT_TEAM = "";
				GENERATE_INFOPLIST_FILE = YES;
				INFOPLIST_FILE = Navigation/Resources/Info.plist;
				INFOPLIST_KEY_UIApplicationSupportsIndirectInputEvents = YES;
				INFOPLIST_KEY_UILaunchStoryboardName = LaunchScreen;
				INFOPLIST_KEY_UISupportedInterfaceOrientations = UIInterfaceOrientationPortrait;
				INFOPLIST_KEY_UISupportedInterfaceOrientations_iPad = "UIInterfaceOrientationLandscapeLeft UIInterfaceOrientationLandscapeRight UIInterfaceOrientationPortrait UIInterfaceOrientationPortraitUpsideDown";
				LD_RUNPATH_SEARCH_PATHS = (
					"$(inherited)",
					"@executable_path/Frameworks",
				);
				MARKETING_VERSION = 1.0;
				PRODUCT_BUNDLE_IDENTIFIER = com.example.first.Navigation;
				PRODUCT_NAME = "$(TARGET_NAME)";
				SWIFT_EMIT_LOC_STRINGS = YES;
				SWIFT_VERSION = 5.0;
				TARGETED_DEVICE_FAMILY = "1,2";
			};
			name = Debug;
		};
		F4B31B592A27D29F00AEAF59 /* Release */ = {
			isa = XCBuildConfiguration;
			buildSettings = {
				ALWAYS_EMBED_SWIFT_STANDARD_LIBRARIES = YES;
				ASSETCATALOG_COMPILER_APPICON_NAME = AppIcon;
				ASSETCATALOG_COMPILER_GLOBAL_ACCENT_COLOR_NAME = AccentColor;
				CODE_SIGN_STYLE = Automatic;
				CURRENT_PROJECT_VERSION = 1;
				DEVELOPMENT_TEAM = "";
				GENERATE_INFOPLIST_FILE = YES;
				INFOPLIST_FILE = Navigation/Resources/Info.plist;
				INFOPLIST_KEY_UIApplicationSupportsIndirectInputEvents = YES;
				INFOPLIST_KEY_UILaunchStoryboardName = LaunchScreen;
				INFOPLIST_KEY_UISupportedInterfaceOrientations = UIInterfaceOrientationPortrait;
				INFOPLIST_KEY_UISupportedInterfaceOrientations_iPad = "UIInterfaceOrientationLandscapeLeft UIInterfaceOrientationLandscapeRight UIInterfaceOrientationPortrait UIInterfaceOrientationPortraitUpsideDown";
				LD_RUNPATH_SEARCH_PATHS = (
					"$(inherited)",
					"@executable_path/Frameworks",
				);
				MARKETING_VERSION = 1.0;
				PRODUCT_BUNDLE_IDENTIFIER = com.example.first.Navigation;
				PRODUCT_NAME = "$(TARGET_NAME)";
				SWIFT_EMIT_LOC_STRINGS = YES;
				SWIFT_VERSION = 5.0;
				TARGETED_DEVICE_FAMILY = "1,2";
			};
			name = Release;
		};
		F4F66E0B2A728DF200127162 /* Debug */ = {
			isa = XCBuildConfiguration;
			buildSettings = {
				CODE_SIGN_IDENTITY = "";
				CODE_SIGN_STYLE = Automatic;
				CURRENT_PROJECT_VERSION = 1;
				DEFINES_MODULE = YES;
				DEVELOPMENT_TEAM = "";
				DYLIB_COMPATIBILITY_VERSION = 1;
				DYLIB_CURRENT_VERSION = 1;
				DYLIB_INSTALL_NAME_BASE = "@rpath";
				ENABLE_MODULE_VERIFIER = YES;
				GENERATE_INFOPLIST_FILE = YES;
				INFOPLIST_KEY_NSHumanReadableCopyright = "";
				INSTALL_PATH = "$(LOCAL_LIBRARY_DIR)/Frameworks";
				LD_RUNPATH_SEARCH_PATHS = (
					"$(inherited)",
					"@executable_path/Frameworks",
					"@loader_path/Frameworks",
				);
				MARKETING_VERSION = 1.0;
				MODULE_VERIFIER_SUPPORTED_LANGUAGES = "objective-c objective-c++";
				MODULE_VERIFIER_SUPPORTED_LANGUAGE_STANDARDS = "gnu11 gnu++20";
				PRODUCT_BUNDLE_IDENTIFIER = com..StorageService;
				PRODUCT_NAME = "$(TARGET_NAME:c99extidentifier)";
				SKIP_INSTALL = YES;
				SWIFT_EMIT_LOC_STRINGS = YES;
				SWIFT_VERSION = 5.0;
				TARGETED_DEVICE_FAMILY = "1,2";
				VERSIONING_SYSTEM = "apple-generic";
				VERSION_INFO_PREFIX = "";
			};
			name = Debug;
		};
		F4F66E0C2A728DF200127162 /* Release */ = {
			isa = XCBuildConfiguration;
			buildSettings = {
				CODE_SIGN_IDENTITY = "";
				CODE_SIGN_STYLE = Automatic;
				CURRENT_PROJECT_VERSION = 1;
				DEFINES_MODULE = YES;
				DEVELOPMENT_TEAM = "";
				DYLIB_COMPATIBILITY_VERSION = 1;
				DYLIB_CURRENT_VERSION = 1;
				DYLIB_INSTALL_NAME_BASE = "@rpath";
				ENABLE_MODULE_VERIFIER = YES;
				GENERATE_INFOPLIST_FILE = YES;
				INFOPLIST_KEY_NSHumanReadableCopyright = "";
				INSTALL_PATH = "$(LOCAL_LIBRARY_DIR)/Frameworks";
				LD_RUNPATH_SEARCH_PATHS = (
					"$(inherited)",
					"@executable_path/Frameworks",
					"@loader_path/Frameworks",
				);
				MARKETING_VERSION = 1.0;
				MODULE_VERIFIER_SUPPORTED_LANGUAGES = "objective-c objective-c++";
				MODULE_VERIFIER_SUPPORTED_LANGUAGE_STANDARDS = "gnu11 gnu++20";
				PRODUCT_BUNDLE_IDENTIFIER = com..StorageService;
				PRODUCT_NAME = "$(TARGET_NAME:c99extidentifier)";
				SKIP_INSTALL = YES;
				SWIFT_EMIT_LOC_STRINGS = YES;
				SWIFT_VERSION = 5.0;
				TARGETED_DEVICE_FAMILY = "1,2";
				VERSIONING_SYSTEM = "apple-generic";
				VERSION_INFO_PREFIX = "";
			};
			name = Release;
		};
		F4F66E0D2A728DF200127162 /* Debug */ = {
			isa = XCBuildConfiguration;
			buildSettings = {
				ALWAYS_EMBED_SWIFT_STANDARD_LIBRARIES = YES;
				CODE_SIGN_STYLE = Automatic;
				CURRENT_PROJECT_VERSION = 1;
				GENERATE_INFOPLIST_FILE = YES;
				MARKETING_VERSION = 1.0;
				PRODUCT_BUNDLE_IDENTIFIER = com..StorageServiceTests;
				PRODUCT_NAME = "$(TARGET_NAME)";
				SWIFT_EMIT_LOC_STRINGS = NO;
				SWIFT_VERSION = 5.0;
				TARGETED_DEVICE_FAMILY = "1,2";
				TEST_HOST = "$(BUILT_PRODUCTS_DIR)/Navigation.app/$(BUNDLE_EXECUTABLE_FOLDER_PATH)/Navigation";
			};
			name = Debug;
		};
		F4F66E0E2A728DF200127162 /* Release */ = {
			isa = XCBuildConfiguration;
			buildSettings = {
				ALWAYS_EMBED_SWIFT_STANDARD_LIBRARIES = YES;
				CODE_SIGN_STYLE = Automatic;
				CURRENT_PROJECT_VERSION = 1;
				GENERATE_INFOPLIST_FILE = YES;
				MARKETING_VERSION = 1.0;
				PRODUCT_BUNDLE_IDENTIFIER = com..StorageServiceTests;
				PRODUCT_NAME = "$(TARGET_NAME)";
				SWIFT_EMIT_LOC_STRINGS = NO;
				SWIFT_VERSION = 5.0;
				TARGETED_DEVICE_FAMILY = "1,2";
				TEST_HOST = "$(BUILT_PRODUCTS_DIR)/Navigation.app/$(BUNDLE_EXECUTABLE_FOLDER_PATH)/Navigation";
			};
			name = Release;
		};
/* End XCBuildConfiguration section */

/* Begin XCConfigurationList section */
		F4B31B3E2A27D29E00AEAF59 /* Build configuration list for PBXProject "Navigation" */ = {
			isa = XCConfigurationList;
			buildConfigurations = (
				F4B31B552A27D29F00AEAF59 /* Debug */,
				F4B31B562A27D29F00AEAF59 /* Release */,
			);
			defaultConfigurationIsVisible = 0;
			defaultConfigurationName = Release;
		};
		F4B31B572A27D29F00AEAF59 /* Build configuration list for PBXNativeTarget "Navigation" */ = {
			isa = XCConfigurationList;
			buildConfigurations = (
				F4B31B582A27D29F00AEAF59 /* Debug */,
				F4B31B592A27D29F00AEAF59 /* Release */,
			);
			defaultConfigurationIsVisible = 0;
			defaultConfigurationName = Release;
		};
		F4F66E0F2A728DF200127162 /* Build configuration list for PBXNativeTarget "StorageService" */ = {
			isa = XCConfigurationList;
			buildConfigurations = (
				F4F66E0B2A728DF200127162 /* Debug */,
				F4F66E0C2A728DF200127162 /* Release */,
			);
			defaultConfigurationIsVisible = 0;
			defaultConfigurationName = Release;
		};
		F4F66E102A728DF200127162 /* Build configuration list for PBXNativeTarget "StorageServiceTests" */ = {
			isa = XCConfigurationList;
			buildConfigurations = (
				F4F66E0D2A728DF200127162 /* Debug */,
				F4F66E0E2A728DF200127162 /* Release */,
			);
			defaultConfigurationIsVisible = 0;
			defaultConfigurationName = Release;
		};
/* End XCConfigurationList section */

/* Begin XCRemoteSwiftPackageReference section */
		F43655EF2A772A84001CC33C /* XCRemoteSwiftPackageReference "SnapKit" */ = {
			isa = XCRemoteSwiftPackageReference;
			repositoryURL = "https://github.com/SnapKit/SnapKit.git";
			requirement = {
				kind = upToNextMinorVersion;
				minimumVersion = 5.6.0;
			};
		};
		F43951EA2AE664B60058B811 /* XCRemoteSwiftPackageReference "firebase-ios-sdk" */ = {
			isa = XCRemoteSwiftPackageReference;
			repositoryURL = "https://github.com/firebase/firebase-ios-sdk.git";
			requirement = {
				kind = upToNextMinorVersion;
				minimumVersion = 10.16.0;
			};
		};
		F4C6D4252A8D110100AA49D4 /* XCRemoteSwiftPackageReference "iOSIntPackage" */ = {
			isa = XCRemoteSwiftPackageReference;
			repositoryURL = "https://github.com/TrueMax/iOSIntPackage.git";
			requirement = {
				branch = imagepublisher;
				kind = branch;
			};
		};
/* End XCRemoteSwiftPackageReference section */

/* Begin XCSwiftPackageProductDependency section */
		F43655F02A772A84001CC33C /* SnapKit */ = {
			isa = XCSwiftPackageProductDependency;
			package = F43655EF2A772A84001CC33C /* XCRemoteSwiftPackageReference "SnapKit" */;
			productName = SnapKit;
		};
		F43951EB2AE664B60058B811 /* FirebaseAuth */ = {
			isa = XCSwiftPackageProductDependency;
			package = F43951EA2AE664B60058B811 /* XCRemoteSwiftPackageReference "firebase-ios-sdk" */;
			productName = FirebaseAuth;
		};
		F43951ED2AE664B60058B811 /* FirebaseFirestore */ = {
			isa = XCSwiftPackageProductDependency;
			package = F43951EA2AE664B60058B811 /* XCRemoteSwiftPackageReference "firebase-ios-sdk" */;
			productName = FirebaseFirestore;
		};
		F43951EF2AE664B60058B811 /* FirebaseFirestoreSwift */ = {
			isa = XCSwiftPackageProductDependency;
			package = F43951EA2AE664B60058B811 /* XCRemoteSwiftPackageReference "firebase-ios-sdk" */;
			productName = FirebaseFirestoreSwift;
		};
		F4C6D4262A8D110100AA49D4 /* iOSIntPackage */ = {
			isa = XCSwiftPackageProductDependency;
			package = F4C6D4252A8D110100AA49D4 /* XCRemoteSwiftPackageReference "iOSIntPackage" */;
			productName = iOSIntPackage;
		};
/* End XCSwiftPackageProductDependency section */
	};
	rootObject = F4B31B3B2A27D29E00AEAF59 /* Project object */;
}
